// !$*UTF8*$!
{
	archiveVersion = 1;
	classes = {
	};
	objectVersion = 50;
	objects = {

/* Begin PBXBuildFile section */
		14EA75C724CDE10200814B09 /* AppDelegate.swift in Sources */ = {isa = PBXBuildFile; fileRef = 14EA75C624CDE10200814B09 /* AppDelegate.swift */; };
		14EA75C924CDE10200814B09 /* SceneDelegate.swift in Sources */ = {isa = PBXBuildFile; fileRef = 14EA75C824CDE10200814B09 /* SceneDelegate.swift */; };
		14EA75CC24CDE10200814B09 /* IOSUITrainingsWithSwiftUI.xcdatamodeld in Sources */ = {isa = PBXBuildFile; fileRef = 14EA75CA24CDE10200814B09 /* IOSUITrainingsWithSwiftUI.xcdatamodeld */; };
		14EA75CE24CDE10200814B09 /* ContentView.swift in Sources */ = {isa = PBXBuildFile; fileRef = 14EA75CD24CDE10200814B09 /* ContentView.swift */; };
		14EA75D024CDE10400814B09 /* Assets.xcassets in Resources */ = {isa = PBXBuildFile; fileRef = 14EA75CF24CDE10400814B09 /* Assets.xcassets */; };
		14EA75D324CDE10400814B09 /* Preview Assets.xcassets in Resources */ = {isa = PBXBuildFile; fileRef = 14EA75D224CDE10400814B09 /* Preview Assets.xcassets */; };
		14EA75D624CDE10400814B09 /* LaunchScreen.storyboard in Resources */ = {isa = PBXBuildFile; fileRef = 14EA75D424CDE10400814B09 /* LaunchScreen.storyboard */; };
		14EA75EC24CDF98200814B09 /* p12.imageset in Resources */ = {isa = PBXBuildFile; fileRef = 14EA75DD24CDF98200814B09 /* p12.imageset */; };
		14EA75ED24CDF98200814B09 /* p11.imageset in Resources */ = {isa = PBXBuildFile; fileRef = 14EA75DE24CDF98200814B09 /* p11.imageset */; };
		14EA75EE24CDF98200814B09 /* p14.imageset in Resources */ = {isa = PBXBuildFile; fileRef = 14EA75DF24CDF98200814B09 /* p14.imageset */; };
		14EA75EF24CDF98200814B09 /* p7.imageset in Resources */ = {isa = PBXBuildFile; fileRef = 14EA75E024CDF98200814B09 /* p7.imageset */; };
		14EA75F024CDF98200814B09 /* p15.imageset in Resources */ = {isa = PBXBuildFile; fileRef = 14EA75E124CDF98200814B09 /* p15.imageset */; };
		14EA75F124CDF98200814B09 /* p9.imageset in Resources */ = {isa = PBXBuildFile; fileRef = 14EA75E224CDF98200814B09 /* p9.imageset */; };
		14EA75F224CDF98200814B09 /* p1.imageset in Resources */ = {isa = PBXBuildFile; fileRef = 14EA75E324CDF98200814B09 /* p1.imageset */; };
		14EA75F324CDF98200814B09 /* p2.imageset in Resources */ = {isa = PBXBuildFile; fileRef = 14EA75E424CDF98200814B09 /* p2.imageset */; };
		14EA75F424CDF98200814B09 /* p6.imageset in Resources */ = {isa = PBXBuildFile; fileRef = 14EA75E524CDF98200814B09 /* p6.imageset */; };
		14EA75F524CDF98200814B09 /* p3.imageset in Resources */ = {isa = PBXBuildFile; fileRef = 14EA75E624CDF98200814B09 /* p3.imageset */; };
		14EA75F624CDF98200814B09 /* p10.imageset in Resources */ = {isa = PBXBuildFile; fileRef = 14EA75E724CDF98200814B09 /* p10.imageset */; };
		14EA75F724CDF98200814B09 /* p4.imageset in Resources */ = {isa = PBXBuildFile; fileRef = 14EA75E824CDF98200814B09 /* p4.imageset */; };
		14EA75F824CDF98200814B09 /* p5.imageset in Resources */ = {isa = PBXBuildFile; fileRef = 14EA75E924CDF98200814B09 /* p5.imageset */; };
		14EA75F924CDF98200814B09 /* p13.imageset in Resources */ = {isa = PBXBuildFile; fileRef = 14EA75EA24CDF98200814B09 /* p13.imageset */; };
		14EA75FA24CDF98200814B09 /* p8.imageset in Resources */ = {isa = PBXBuildFile; fileRef = 14EA75EB24CDF98200814B09 /* p8.imageset */; };
/* End PBXBuildFile section */

/* Begin PBXFileReference section */
		14EA75C324CDE10200814B09 /* IOSUITrainingsWithSwiftUI.app */ = {isa = PBXFileReference; explicitFileType = wrapper.application; includeInIndex = 0; path = IOSUITrainingsWithSwiftUI.app; sourceTree = BUILT_PRODUCTS_DIR; };
		14EA75C624CDE10200814B09 /* AppDelegate.swift */ = {isa = PBXFileReference; lastKnownFileType = sourcecode.swift; path = AppDelegate.swift; sourceTree = "<group>"; };
		14EA75C824CDE10200814B09 /* SceneDelegate.swift */ = {isa = PBXFileReference; lastKnownFileType = sourcecode.swift; path = SceneDelegate.swift; sourceTree = "<group>"; };
		14EA75CB24CDE10200814B09 /* IOSUITrainingsWithSwiftUI.xcdatamodel */ = {isa = PBXFileReference; lastKnownFileType = wrapper.xcdatamodel; path = IOSUITrainingsWithSwiftUI.xcdatamodel; sourceTree = "<group>"; };
		14EA75CD24CDE10200814B09 /* ContentView.swift */ = {isa = PBXFileReference; lastKnownFileType = sourcecode.swift; path = ContentView.swift; sourceTree = "<group>"; };
		14EA75CF24CDE10400814B09 /* Assets.xcassets */ = {isa = PBXFileReference; lastKnownFileType = folder.assetcatalog; path = Assets.xcassets; sourceTree = "<group>"; };
		14EA75D224CDE10400814B09 /* Preview Assets.xcassets */ = {isa = PBXFileReference; lastKnownFileType = folder.assetcatalog; path = "Preview Assets.xcassets"; sourceTree = "<group>"; };
		14EA75D524CDE10400814B09 /* Base */ = {isa = PBXFileReference; lastKnownFileType = file.storyboard; name = Base; path = Base.lproj/LaunchScreen.storyboard; sourceTree = "<group>"; };
		14EA75D724CDE10400814B09 /* Info.plist */ = {isa = PBXFileReference; lastKnownFileType = text.plist.xml; path = Info.plist; sourceTree = "<group>"; };
		14EA75DD24CDF98200814B09 /* p12.imageset */ = {isa = PBXFileReference; lastKnownFileType = folder; path = p12.imageset; sourceTree = "<group>"; };
		14EA75DE24CDF98200814B09 /* p11.imageset */ = {isa = PBXFileReference; lastKnownFileType = folder; path = p11.imageset; sourceTree = "<group>"; };
		14EA75DF24CDF98200814B09 /* p14.imageset */ = {isa = PBXFileReference; lastKnownFileType = folder; path = p14.imageset; sourceTree = "<group>"; };
		14EA75E024CDF98200814B09 /* p7.imageset */ = {isa = PBXFileReference; lastKnownFileType = folder; path = p7.imageset; sourceTree = "<group>"; };
		14EA75E124CDF98200814B09 /* p15.imageset */ = {isa = PBXFileReference; lastKnownFileType = folder; path = p15.imageset; sourceTree = "<group>"; };
		14EA75E224CDF98200814B09 /* p9.imageset */ = {isa = PBXFileReference; lastKnownFileType = folder; path = p9.imageset; sourceTree = "<group>"; };
		14EA75E324CDF98200814B09 /* p1.imageset */ = {isa = PBXFileReference; lastKnownFileType = folder; path = p1.imageset; sourceTree = "<group>"; };
		14EA75E424CDF98200814B09 /* p2.imageset */ = {isa = PBXFileReference; lastKnownFileType = folder; path = p2.imageset; sourceTree = "<group>"; };
		14EA75E524CDF98200814B09 /* p6.imageset */ = {isa = PBXFileReference; lastKnownFileType = folder; path = p6.imageset; sourceTree = "<group>"; };
		14EA75E624CDF98200814B09 /* p3.imageset */ = {isa = PBXFileReference; lastKnownFileType = folder; path = p3.imageset; sourceTree = "<group>"; };
		14EA75E724CDF98200814B09 /* p10.imageset */ = {isa = PBXFileReference; lastKnownFileType = folder; path = p10.imageset; sourceTree = "<group>"; };
		14EA75E824CDF98200814B09 /* p4.imageset */ = {isa = PBXFileReference; lastKnownFileType = folder; path = p4.imageset; sourceTree = "<group>"; };
		14EA75E924CDF98200814B09 /* p5.imageset */ = {isa = PBXFileReference; lastKnownFileType = folder; path = p5.imageset; sourceTree = "<group>"; };
		14EA75EA24CDF98200814B09 /* p13.imageset */ = {isa = PBXFileReference; lastKnownFileType = folder; path = p13.imageset; sourceTree = "<group>"; };
		14EA75EB24CDF98200814B09 /* p8.imageset */ = {isa = PBXFileReference; lastKnownFileType = folder; path = p8.imageset; sourceTree = "<group>"; };
/* End PBXFileReference section */

/* Begin PBXFrameworksBuildPhase section */
		14EA75C024CDE10200814B09 /* Frameworks */ = {
			isa = PBXFrameworksBuildPhase;
			buildActionMask = 2147483647;
			files = (
			);
			runOnlyForDeploymentPostprocessing = 0;
		};
/* End PBXFrameworksBuildPhase section */

/* Begin PBXGroup section */
		14EA75BA24CDE10200814B09 = {
			isa = PBXGroup;
			children = (
				14EA75C524CDE10200814B09 /* IOSUITrainingsWithSwiftUI */,
				14EA75C424CDE10200814B09 /* Products */,
			);
			sourceTree = "<group>";
		};
		14EA75C424CDE10200814B09 /* Products */ = {
			isa = PBXGroup;
			children = (
				14EA75C324CDE10200814B09 /* IOSUITrainingsWithSwiftUI.app */,
			);
			name = Products;
			sourceTree = "<group>";
		};
		14EA75C524CDE10200814B09 /* IOSUITrainingsWithSwiftUI */ = {
			isa = PBXGroup;
			children = (
				14EA75C624CDE10200814B09 /* AppDelegate.swift */,
				14EA75C824CDE10200814B09 /* SceneDelegate.swift */,
				14EA75CD24CDE10200814B09 /* ContentView.swift */,
				14EA75CF24CDE10400814B09 /* Assets.xcassets */,
				14EA75E324CDF98200814B09 /* p1.imageset */,
				14EA75E424CDF98200814B09 /* p2.imageset */,
				14EA75E624CDF98200814B09 /* p3.imageset */,
				14EA75E824CDF98200814B09 /* p4.imageset */,
				14EA75E924CDF98200814B09 /* p5.imageset */,
				14EA75E524CDF98200814B09 /* p6.imageset */,
				14EA75E024CDF98200814B09 /* p7.imageset */,
				14EA75EB24CDF98200814B09 /* p8.imageset */,
				14EA75E224CDF98200814B09 /* p9.imageset */,
				14EA75E724CDF98200814B09 /* p10.imageset */,
				14EA75DE24CDF98200814B09 /* p11.imageset */,
				14EA75DD24CDF98200814B09 /* p12.imageset */,
				14EA75EA24CDF98200814B09 /* p13.imageset */,
				14EA75DF24CDF98200814B09 /* p14.imageset */,
				14EA75E124CDF98200814B09 /* p15.imageset */,
				14EA75D424CDE10400814B09 /* LaunchScreen.storyboard */,
				14EA75D724CDE10400814B09 /* Info.plist */,
				14EA75CA24CDE10200814B09 /* IOSUITrainingsWithSwiftUI.xcdatamodeld */,
				14EA75D124CDE10400814B09 /* Preview Content */,
			);
			path = IOSUITrainingsWithSwiftUI;
			sourceTree = "<group>";
		};
		14EA75D124CDE10400814B09 /* Preview Content */ = {
			isa = PBXGroup;
			children = (
				14EA75D224CDE10400814B09 /* Preview Assets.xcassets */,
			);
			path = "Preview Content";
			sourceTree = "<group>";
		};
/* End PBXGroup section */

/* Begin PBXNativeTarget section */
		14EA75C224CDE10200814B09 /* IOSUITrainingsWithSwiftUI */ = {
			isa = PBXNativeTarget;
			buildConfigurationList = 14EA75DA24CDE10400814B09 /* Build configuration list for PBXNativeTarget "IOSUITrainingsWithSwiftUI" */;
			buildPhases = (
				14EA75BF24CDE10200814B09 /* Sources */,
				14EA75C024CDE10200814B09 /* Frameworks */,
				14EA75C124CDE10200814B09 /* Resources */,
			);
			buildRules = (
			);
			dependencies = (
			);
			name = IOSUITrainingsWithSwiftUI;
			productName = IOSUITrainingsWithSwiftUI;
			productReference = 14EA75C324CDE10200814B09 /* IOSUITrainingsWithSwiftUI.app */;
			productType = "com.apple.product-type.application";
		};
/* End PBXNativeTarget section */

/* Begin PBXProject section */
		14EA75BB24CDE10200814B09 /* Project object */ = {
			isa = PBXProject;
			attributes = {
				LastSwiftUpdateCheck = 1160;
				LastUpgradeCheck = 1160;
				ORGANIZATIONNAME = "Rodion Prosvirnin";
				TargetAttributes = {
					14EA75C224CDE10200814B09 = {
						CreatedOnToolsVersion = 11.6;
					};
				};
			};
			buildConfigurationList = 14EA75BE24CDE10200814B09 /* Build configuration list for PBXProject "IOSUITrainingsWithSwiftUI" */;
			compatibilityVersion = "Xcode 9.3";
			developmentRegion = en;
			hasScannedForEncodings = 0;
			knownRegions = (
				en,
				Base,
			);
			mainGroup = 14EA75BA24CDE10200814B09;
			productRefGroup = 14EA75C424CDE10200814B09 /* Products */;
			projectDirPath = "";
			projectRoot = "";
			targets = (
				14EA75C224CDE10200814B09 /* IOSUITrainingsWithSwiftUI */,
			);
		};
/* End PBXProject section */

/* Begin PBXResourcesBuildPhase section */
		14EA75C124CDE10200814B09 /* Resources */ = {
			isa = PBXResourcesBuildPhase;
			buildActionMask = 2147483647;
			files = (
				14EA75F124CDF98200814B09 /* p9.imageset in Resources */,
				14EA75EF24CDF98200814B09 /* p7.imageset in Resources */,
				14EA75F524CDF98200814B09 /* p3.imageset in Resources */,
				14EA75F424CDF98200814B09 /* p6.imageset in Resources */,
				14EA75ED24CDF98200814B09 /* p11.imageset in Resources */,
				14EA75EC24CDF98200814B09 /* p12.imageset in Resources */,
				14EA75D624CDE10400814B09 /* LaunchScreen.storyboard in Resources */,
				14EA75D324CDE10400814B09 /* Preview Assets.xcassets in Resources */,
				14EA75EE24CDF98200814B09 /* p14.imageset in Resources */,
				14EA75F324CDF98200814B09 /* p2.imageset in Resources */,
				14EA75F924CDF98200814B09 /* p13.imageset in Resources */,
				14EA75F624CDF98200814B09 /* p10.imageset in Resources */,
				14EA75D024CDE10400814B09 /* Assets.xcassets in Resources */,
				14EA75F024CDF98200814B09 /* p15.imageset in Resources */,
				14EA75F824CDF98200814B09 /* p5.imageset in Resources */,
				14EA75F224CDF98200814B09 /* p1.imageset in Resources */,
				14EA75FA24CDF98200814B09 /* p8.imageset in Resources */,
				14EA75F724CDF98200814B09 /* p4.imageset in Resources */,
			);
			runOnlyForDeploymentPostprocessing = 0;
		};
/* End PBXResourcesBuildPhase section */

/* Begin PBXSourcesBuildPhase section */
		14EA75BF24CDE10200814B09 /* Sources */ = {
			isa = PBXSourcesBuildPhase;
			buildActionMask = 2147483647;
			files = (
				14EA75C724CDE10200814B09 /* AppDelegate.swift in Sources */,
				14EA75CC24CDE10200814B09 /* IOSUITrainingsWithSwiftUI.xcdatamodeld in Sources */,
				14EA75CE24CDE10200814B09 /* ContentView.swift in Sources */,
				14EA75C924CDE10200814B09 /* SceneDelegate.swift in Sources */,
			);
			runOnlyForDeploymentPostprocessing = 0;
		};
/* End PBXSourcesBuildPhase section */

/* Begin PBXVariantGroup section */
		14EA75D424CDE10400814B09 /* LaunchScreen.storyboard */ = {
			isa = PBXVariantGroup;
			children = (
				14EA75D524CDE10400814B09 /* Base */,
			);
			name = LaunchScreen.storyboard;
			sourceTree = "<group>";
		};
/* End PBXVariantGroup section */

/* Begin XCBuildConfiguration section */
		14EA75D824CDE10400814B09 /* Debug */ = {
			isa = XCBuildConfiguration;
			buildSettings = {
				ALWAYS_SEARCH_USER_PATHS = NO;
				CLANG_ANALYZER_NONNULL = YES;
				CLANG_ANALYZER_NUMBER_OBJECT_CONVERSION = YES_AGGRESSIVE;
				CLANG_CXX_LANGUAGE_STANDARD = "gnu++14";
				CLANG_CXX_LIBRARY = "libc++";
				CLANG_ENABLE_MODULES = YES;
				CLANG_ENABLE_OBJC_ARC = YES;
				CLANG_ENABLE_OBJC_WEAK = YES;
				CLANG_WARN_BLOCK_CAPTURE_AUTORELEASING = YES;
				CLANG_WARN_BOOL_CONVERSION = YES;
				CLANG_WARN_COMMA = YES;
				CLANG_WARN_CONSTANT_CONVERSION = YES;
				CLANG_WARN_DEPRECATED_OBJC_IMPLEMENTATIONS = YES;
				CLANG_WARN_DIRECT_OBJC_ISA_USAGE = YES_ERROR;
				CLANG_WARN_DOCUMENTATION_COMMENTS = YES;
				CLANG_WARN_EMPTY_BODY = YES;
				CLANG_WARN_ENUM_CONVERSION = YES;
				CLANG_WARN_INFINITE_RECURSION = YES;
				CLANG_WARN_INT_CONVERSION = YES;
				CLANG_WARN_NON_LITERAL_NULL_CONVERSION = YES;
				CLANG_WARN_OBJC_IMPLICIT_RETAIN_SELF = YES;
				CLANG_WARN_OBJC_LITERAL_CONVERSION = YES;
				CLANG_WARN_OBJC_ROOT_CLASS = YES_ERROR;
				CLANG_WARN_RANGE_LOOP_ANALYSIS = YES;
				CLANG_WARN_STRICT_PROTOTYPES = YES;
				CLANG_WARN_SUSPICIOUS_MOVE = YES;
				CLANG_WARN_UNGUARDED_AVAILABILITY = YES_AGGRESSIVE;
				CLANG_WARN_UNREACHABLE_CODE = YES;
				CLANG_WARN__DUPLICATE_METHOD_MATCH = YES;
				COPY_PHASE_STRIP = NO;
				DEBUG_INFORMATION_FORMAT = dwarf;
				ENABLE_STRICT_OBJC_MSGSEND = YES;
				ENABLE_TESTABILITY = YES;
				GCC_C_LANGUAGE_STANDARD = gnu11;
				GCC_DYNAMIC_NO_PIC = NO;
				GCC_NO_COMMON_BLOCKS = YES;
				GCC_OPTIMIZATION_LEVEL = 0;
				GCC_PREPROCESSOR_DEFINITIONS = (
					"DEBUG=1",
					"$(inherited)",
				);
				GCC_WARN_64_TO_32_BIT_CONVERSION = YES;
				GCC_WARN_ABOUT_RETURN_TYPE = YES_ERROR;
				GCC_WARN_UNDECLARED_SELECTOR = YES;
				GCC_WARN_UNINITIALIZED_AUTOS = YES_AGGRESSIVE;
				GCC_WARN_UNUSED_FUNCTION = YES;
				GCC_WARN_UNUSED_VARIABLE = YES;
				IPHONEOS_DEPLOYMENT_TARGET = 13.6;
				MTL_ENABLE_DEBUG_INFO = INCLUDE_SOURCE;
				MTL_FAST_MATH = YES;
				ONLY_ACTIVE_ARCH = YES;
				SDKROOT = iphoneos;
				SWIFT_ACTIVE_COMPILATION_CONDITIONS = DEBUG;
				SWIFT_OPTIMIZATION_LEVEL = "-Onone";
			};
			name = Debug;
		};
		14EA75D924CDE10400814B09 /* Release */ = {
			isa = XCBuildConfiguration;
			buildSettings = {
				ALWAYS_SEARCH_USER_PATHS = NO;
				CLANG_ANALYZER_NONNULL = YES;
				CLANG_ANALYZER_NUMBER_OBJECT_CONVERSION = YES_AGGRESSIVE;
				CLANG_CXX_LANGUAGE_STANDARD = "gnu++14";
				CLANG_CXX_LIBRARY = "libc++";
				CLANG_ENABLE_MODULES = YES;
				CLANG_ENABLE_OBJC_ARC = YES;
				CLANG_ENABLE_OBJC_WEAK = YES;
				CLANG_WARN_BLOCK_CAPTURE_AUTORELEASING = YES;
				CLANG_WARN_BOOL_CONVERSION = YES;
				CLANG_WARN_COMMA = YES;
				CLANG_WARN_CONSTANT_CONVERSION = YES;
				CLANG_WARN_DEPRECATED_OBJC_IMPLEMENTATIONS = YES;
				CLANG_WARN_DIRECT_OBJC_ISA_USAGE = YES_ERROR;
				CLANG_WARN_DOCUMENTATION_COMMENTS = YES;
				CLANG_WARN_EMPTY_BODY = YES;
				CLANG_WARN_ENUM_CONVERSION = YES;
				CLANG_WARN_INFINITE_RECURSION = YES;
				CLANG_WARN_INT_CONVERSION = YES;
				CLANG_WARN_NON_LITERAL_NULL_CONVERSION = YES;
				CLANG_WARN_OBJC_IMPLICIT_RETAIN_SELF = YES;
				CLANG_WARN_OBJC_LITERAL_CONVERSION = YES;
				CLANG_WARN_OBJC_ROOT_CLASS = YES_ERROR;
				CLANG_WARN_RANGE_LOOP_ANALYSIS = YES;
				CLANG_WARN_STRICT_PROTOTYPES = YES;
				CLANG_WARN_SUSPICIOUS_MOVE = YES;
				CLANG_WARN_UNGUARDED_AVAILABILITY = YES_AGGRESSIVE;
				CLANG_WARN_UNREACHABLE_CODE = YES;
				CLANG_WARN__DUPLICATE_METHOD_MATCH = YES;
				COPY_PHASE_STRIP = NO;
				DEBUG_INFORMATION_FORMAT = "dwarf-with-dsym";
				ENABLE_NS_ASSERTIONS = NO;
				ENABLE_STRICT_OBJC_MSGSEND = YES;
				GCC_C_LANGUAGE_STANDARD = gnu11;
				GCC_NO_COMMON_BLOCKS = YES;
				GCC_WARN_64_TO_32_BIT_CONVERSION = YES;
				GCC_WARN_ABOUT_RETURN_TYPE = YES_ERROR;
				GCC_WARN_UNDECLARED_SELECTOR = YES;
				GCC_WARN_UNINITIALIZED_AUTOS = YES_AGGRESSIVE;
				GCC_WARN_UNUSED_FUNCTION = YES;
				GCC_WARN_UNUSED_VARIABLE = YES;
				IPHONEOS_DEPLOYMENT_TARGET = 13.6;
				MTL_ENABLE_DEBUG_INFO = NO;
				MTL_FAST_MATH = YES;
				SDKROOT = iphoneos;
				SWIFT_COMPILATION_MODE = wholemodule;
				SWIFT_OPTIMIZATION_LEVEL = "-O";
				VALIDATE_PRODUCT = YES;
			};
			name = Release;
		};
		14EA75DB24CDE10400814B09 /* Debug */ = {
			isa = XCBuildConfiguration;
			buildSettings = {
				ASSETCATALOG_COMPILER_APPICON_NAME = AppIcon;
				CODE_SIGN_STYLE = Automatic;
				DEVELOPMENT_ASSET_PATHS = "\"IOSUITrainingsWithSwiftUI/Preview Content\"";
				DEVELOPMENT_TEAM = 7LU9NRX5C4;
				ENABLE_PREVIEWS = YES;
				INFOPLIST_FILE = IOSUITrainingsWithSwiftUI/Info.plist;
				LD_RUNPATH_SEARCH_PATHS = (
					"$(inherited)",
					"@executable_path/Frameworks",
				);
				PRODUCT_BUNDLE_IDENTIFIER = developer.rodni.ru.IOSUITrainingsWithSwiftUI;
				PRODUCT_NAME = "$(TARGET_NAME)";
				SWIFT_VERSION = 5.0;
				TARGETED_DEVICE_FAMILY = "1,2";
			};
			name = Debug;
		};
		14EA75DC24CDE10400814B09 /* Release */ = {
			isa = XCBuildConfiguration;
			buildSettings = {
				ASSETCATALOG_COMPILER_APPICON_NAME = AppIcon;
				CODE_SIGN_STYLE = Automatic;
				DEVELOPMENT_ASSET_PATHS = "\"IOSUITrainingsWithSwiftUI/Preview Content\"";
				DEVELOPMENT_TEAM = 7LU9NRX5C4;
				ENABLE_PREVIEWS = YES;
				INFOPLIST_FILE = IOSUITrainingsWithSwiftUI/Info.plist;
				LD_RUNPATH_SEARCH_PATHS = (
					"$(inherited)",
					"@executable_path/Frameworks",
				);
				PRODUCT_BUNDLE_IDENTIFIER = developer.rodni.ru.IOSUITrainingsWithSwiftUI;
				PRODUCT_NAME = "$(TARGET_NAME)";
				SWIFT_VERSION = 5.0;
				TARGETED_DEVICE_FAMILY = "1,2";
			};
			name = Release;
		};
/* End XCBuildConfiguration section */

/* Begin XCConfigurationList section */
		14EA75BE24CDE10200814B09 /* Build configuration list for PBXProject "IOSUITrainingsWithSwiftUI" */ = {
			isa = XCConfigurationList;
			buildConfigurations = (
				14EA75D824CDE10400814B09 /* Debug */,
				14EA75D924CDE10400814B09 /* Release */,
			);
			defaultConfigurationIsVisible = 0;
			defaultConfigurationName = Release;
		};
		14EA75DA24CDE10400814B09 /* Build configuration list for PBXNativeTarget "IOSUITrainingsWithSwiftUI" */ = {
			isa = XCConfigurationList;
			buildConfigurations = (
				14EA75DB24CDE10400814B09 /* Debug */,
				14EA75DC24CDE10400814B09 /* Release */,
			);
			defaultConfigurationIsVisible = 0;
			defaultConfigurationName = Release;
		};
/* End XCConfigurationList section */

/* Begin XCVersionGroup section */
		14EA75CA24CDE10200814B09 /* IOSUITrainingsWithSwiftUI.xcdatamodeld */ = {
			isa = XCVersionGroup;
			children = (
				14EA75CB24CDE10200814B09 /* IOSUITrainingsWithSwiftUI.xcdatamodel */,
			);
			currentVersion = 14EA75CB24CDE10200814B09 /* IOSUITrainingsWithSwiftUI.xcdatamodel */;
			path = IOSUITrainingsWithSwiftUI.xcdatamodeld;
			sourceTree = "<group>";
			versionGroupType = wrapper.xcdatamodel;
		};
/* End XCVersionGroup section */
	};
	rootObject = 14EA75BB24CDE10200814B09 /* Project object */;
}
